
Microsoft Visual Studio Solution File, Format Version 12.00
# Visual Studio Version 17
VisualStudioVersion = 17.0.32014.148
MinimumVisualStudioVersion = 10.0.40219.1
Project("{9A19103F-16F7-4668-BE54-9A1E7A4F7556}") = "ExpressionToSqlWhereClause", "ExpressionToSqlWhereClause\ExpressionToSqlWhereClause.csproj", "{62CF305C-AAAE-4B33-9203-05386BD9C64D}"
EndProject
Project("{9A19103F-16F7-4668-BE54-9A1E7A4F7556}") = "ExpressionToSqlWhereClause.Test", "ExpressionToSqlWhereClause.Test\ExpressionToSqlWhereClause.Test.csproj", "{F7085441-0D02-41E9-A33F-EEBEAC73659C}"
EndProject
Project("{9A19103F-16F7-4668-BE54-9A1E7A4F7556}") = "WithEFTest", "WithEFTest\WithEFTest.csproj", "{16B5461B-8940-44B1-B413-F490C455C7C1}"
EndProject
Global
	GlobalSection(SolutionConfigurationPlatforms) = preSolution
		Debug|Any CPU = Debug|Any CPU
		Release|Any CPU = Release|Any CPU
	EndGlobalSection
	GlobalSection(ProjectConfigurationPlatforms) = postSolution
		{62CF305C-AAAE-4B33-9203-05386BD9C64D}.Debug|Any CPU.ActiveCfg = Debug|Any CPU
		{62CF305C-AAAE-4B33-9203-05386BD9C64D}.Debug|Any CPU.Build.0 = Debug|Any CPU
		{62CF305C-AAAE-4B33-9203-05386BD9C64D}.Release|Any CPU.ActiveCfg = Release|Any CPU
		{62CF305C-AAAE-4B33-9203-05386BD9C64D}.Release|Any CPU.Build.0 = Release|Any CPU
		{F7085441-0D02-41E9-A33F-EEBEAC73659C}.Debug|Any CPU.ActiveCfg = Debug|Any CPU
		{F7085441-0D02-41E9-A33F-EEBEAC73659C}.Debug|Any CPU.Build.0 = Debug|Any CPU
		{F7085441-0D02-41E9-A33F-EEBEAC73659C}.Release|Any CPU.ActiveCfg = Release|Any CPU
		{F7085441-0D02-41E9-A33F-EEBEAC73659C}.Release|Any CPU.Build.0 = Release|Any CPU
		{16B5461B-8940-44B1-B413-F490C455C7C1}.Debug|Any CPU.ActiveCfg = Debug|Any CPU
		{16B5461B-8940-44B1-B413-F490C455C7C1}.Debug|Any CPU.Build.0 = Debug|Any CPU
		{16B5461B-8940-44B1-B413-F490C455C7C1}.Release|Any CPU.ActiveCfg = Release|Any CPU
		{16B5461B-8940-44B1-B413-F490C455C7C1}.Release|Any CPU.Build.0 = Release|Any CPU
	EndGlobalSection
	GlobalSection(SolutionProperties) = preSolution
		HideSolutionNode = FALSE
	EndGlobalSection
	GlobalSection(ExtensibilityGlobals) = postSolution
		SolutionGuid = {0C2A6E85-32E9-4C4D-A2AA-A9501F40ACE6}
	EndGlobalSection
EndGlobal
