
Microsoft Visual Studio Solution File, Format Version 12.00
# Visual Studio Version 16
VisualStudioVersion = 16.0.31729.503
MinimumVisualStudioVersion = 10.0.40219.1
Project("{9A19103F-16F7-4668-BE54-9A1E7A4F7556}") = "EntityToSqlWherecClauseConfig", "EntityToSqlWhereCaluseConfig\EntityToSqlWherecClauseConfig.csproj", "{3E4C4037-B2B2-406B-977E-2AC7596660EF}"
EndProject
Project("{9A19103F-16F7-4668-BE54-9A1E7A4F7556}") = "ExpressionToSqlWhereClause", "ExpressionToSqlWhereClause\ExpressionToSqlWhereClause.csproj", "{62CF305C-AAAE-4B33-9203-05386BD9C64D}"
EndProject
Project("{2150E333-8FDC-42A3-9474-1A3956D46DE8}") = "UnitTest", "UnitTest", "{92D595D3-0A50-4E7A-AE8D-ED945F5EC125}"
	ProjectSection(SolutionItems) = preProject
		类库说明.md = 类库说明.md
	EndProjectSection
EndProject
Project("{9A19103F-16F7-4668-BE54-9A1E7A4F7556}") = "GenerateSqlWhereClause", "GenerateSqlWhereClause\GenerateSqlWhereClause.csproj", "{C5F1F678-88A2-4560-B4E9-4BC011181B28}"
EndProject
Project("{2150E333-8FDC-42A3-9474-1A3956D46DE8}") = "nuget包", "nuget包", "{7F405AD9-2593-4025-90B2-A424AECBDFEF}"
EndProject
Project("{9A19103F-16F7-4668-BE54-9A1E7A4F7556}") = "ExpressionToSqlWhereClause.Test", "EntityToSqlWhereCaluseConfig.Test\ExpressionToSqlWhereClause.Test.csproj", "{F7085441-0D02-41E9-A33F-EEBEAC73659C}"
EndProject
Project("{9A19103F-16F7-4668-BE54-9A1E7A4F7556}") = "EntityToSqlWhereClauseConfig.Test", "ExpressionToSqlWhereClause.Test\EntityToSqlWhereClauseConfig.Test.csproj", "{340C9D2E-FDC6-4A09-890E-AD7ADFDA66FF}"
EndProject
Global
	GlobalSection(SolutionConfigurationPlatforms) = preSolution
		Debug|Any CPU = Debug|Any CPU
		Release|Any CPU = Release|Any CPU
	EndGlobalSection
	GlobalSection(ProjectConfigurationPlatforms) = postSolution
		{3E4C4037-B2B2-406B-977E-2AC7596660EF}.Debug|Any CPU.ActiveCfg = Debug|Any CPU
		{3E4C4037-B2B2-406B-977E-2AC7596660EF}.Debug|Any CPU.Build.0 = Debug|Any CPU
		{3E4C4037-B2B2-406B-977E-2AC7596660EF}.Release|Any CPU.ActiveCfg = Release|Any CPU
		{3E4C4037-B2B2-406B-977E-2AC7596660EF}.Release|Any CPU.Build.0 = Release|Any CPU
		{62CF305C-AAAE-4B33-9203-05386BD9C64D}.Debug|Any CPU.ActiveCfg = Debug|Any CPU
		{62CF305C-AAAE-4B33-9203-05386BD9C64D}.Debug|Any CPU.Build.0 = Debug|Any CPU
		{62CF305C-AAAE-4B33-9203-05386BD9C64D}.Release|Any CPU.ActiveCfg = Release|Any CPU
		{62CF305C-AAAE-4B33-9203-05386BD9C64D}.Release|Any CPU.Build.0 = Release|Any CPU
		{C5F1F678-88A2-4560-B4E9-4BC011181B28}.Debug|Any CPU.ActiveCfg = Debug|Any CPU
		{C5F1F678-88A2-4560-B4E9-4BC011181B28}.Debug|Any CPU.Build.0 = Debug|Any CPU
		{C5F1F678-88A2-4560-B4E9-4BC011181B28}.Release|Any CPU.ActiveCfg = Release|Any CPU
		{C5F1F678-88A2-4560-B4E9-4BC011181B28}.Release|Any CPU.Build.0 = Release|Any CPU
		{F7085441-0D02-41E9-A33F-EEBEAC73659C}.Debug|Any CPU.ActiveCfg = Debug|Any CPU
		{F7085441-0D02-41E9-A33F-EEBEAC73659C}.Debug|Any CPU.Build.0 = Debug|Any CPU
		{F7085441-0D02-41E9-A33F-EEBEAC73659C}.Release|Any CPU.ActiveCfg = Release|Any CPU
		{F7085441-0D02-41E9-A33F-EEBEAC73659C}.Release|Any CPU.Build.0 = Release|Any CPU
		{340C9D2E-FDC6-4A09-890E-AD7ADFDA66FF}.Debug|Any CPU.ActiveCfg = Debug|Any CPU
		{340C9D2E-FDC6-4A09-890E-AD7ADFDA66FF}.Debug|Any CPU.Build.0 = Debug|Any CPU
		{340C9D2E-FDC6-4A09-890E-AD7ADFDA66FF}.Release|Any CPU.ActiveCfg = Release|Any CPU
		{340C9D2E-FDC6-4A09-890E-AD7ADFDA66FF}.Release|Any CPU.Build.0 = Release|Any CPU
	EndGlobalSection
	GlobalSection(SolutionProperties) = preSolution
		HideSolutionNode = FALSE
	EndGlobalSection
	GlobalSection(NestedProjects) = preSolution
		{C5F1F678-88A2-4560-B4E9-4BC011181B28} = {7F405AD9-2593-4025-90B2-A424AECBDFEF}
		{F7085441-0D02-41E9-A33F-EEBEAC73659C} = {92D595D3-0A50-4E7A-AE8D-ED945F5EC125}
		{340C9D2E-FDC6-4A09-890E-AD7ADFDA66FF} = {92D595D3-0A50-4E7A-AE8D-ED945F5EC125}
	EndGlobalSection
	GlobalSection(ExtensibilityGlobals) = postSolution
		SolutionGuid = {0C2A6E85-32E9-4C4D-A2AA-A9501F40ACE6}
	EndGlobalSection
EndGlobal
